
Microsoft Visual Studio Solution File, Format Version 12.00
# Visual Studio 15
VisualStudioVersion = 15.0.28307.1000
MinimumVisualStudioVersion = 10.0.40219.1
Project("{FAE04EC0-301F-11D3-BF4B-00C04F79EFBC}") = "HASPKey", "HASPKey\HASPKey.csproj", "{6DE50CFB-1A4D-41E2-925D-A15BC3DD4EFC}"
EndProject
Project("{FAE04EC0-301F-11D3-BF4B-00C04F79EFBC}") = "Entities", "Entites\Entities.csproj", "{22D9C86F-1103-47FC-BCD6-5E35FC54DE22}"
EndProject
Project("{2150E333-8FDC-42A3-9474-1A3956D46DE8}") = "Common", "Common", "{B3A93702-CE1F-40E5-A6D9-80A66E5A091A}"
EndProject
Project("{FAE04EC0-301F-11D3-BF4B-00C04F79EFBC}") = "DalContract", "DalContract\DalContract.csproj", "{D96A2FBB-3E83-418A-A550-294B05858F59}"
EndProject
Project("{2150E333-8FDC-42A3-9474-1A3956D46DE8}") = "DataAccess", "DataAccess", "{E7E566EC-0CE3-4DAD-8F04-A9140FCA83BE}"
EndProject
Project("{FAE04EC0-301F-11D3-BF4B-00C04F79EFBC}") = "DalDB", "DalDB\DalDB.csproj", "{C26090DB-C11E-4340-9A73-DC8CA832860C}"
EndProject
Project("{FAE04EC0-301F-11D3-BF4B-00C04F79EFBC}") = "LogicContract", "LogicContract\LogicContract.csproj", "{4BF66FDD-C19D-4467-A441-0A01B4AD9B3D}"
EndProject
Project("{2150E333-8FDC-42A3-9474-1A3956D46DE8}") = "BusinessLogic", "BusinessLogic", "{57886FD3-693A-4575-B2B9-4E8012022AF2}"
EndProject
Project("{FAE04EC0-301F-11D3-BF4B-00C04F79EFBC}") = "UnitTestDal", "UnitTestDal\UnitTestDal.csproj", "{C0557A54-4FA8-4E24-9BA3-A82BB974EAFD}"
EndProject
Project("{FAE04EC0-301F-11D3-BF4B-00C04F79EFBC}") = "Logic", "Logic\Logic.csproj", "{77C069C5-75C2-4DC0-B576-55A894ED471D}"
EndProject
Project("{FAE04EC0-301F-11D3-BF4B-00C04F79EFBC}") = "UnitTestLogic", "UnitTestLogic\UnitTestLogic.csproj", "{6DB0CFED-C4AE-4621-A22A-3B69159B342D}"
EndProject
Project("{FAE04EC0-301F-11D3-BF4B-00C04F79EFBC}") = "HelperForUnitTest", "Helper\HelperForUnitTest.csproj", "{CEBF7308-E487-4AA0-88E3-7B26482FA58B}"
EndProject
Project("{2150E333-8FDC-42A3-9474-1A3956D46DE8}") = "UI", "UI", "{D391A2F4-F2F7-4F0B-AFEA-12DE2406B05D}"
EndProject
Project("{2150E333-8FDC-42A3-9474-1A3956D46DE8}") = "Presentation", "Presentation", "{B3BEA2A7-27D5-48E9-B9CF-1B540F176265}"
EndProject
Project("{FAE04EC0-301F-11D3-BF4B-00C04F79EFBC}") = "Presenter", "Presenter\Presenter.csproj", "{CC3588FA-A420-486F-B886-1E569220987B}"
EndProject
Project("{FAE04EC0-301F-11D3-BF4B-00C04F79EFBC}") = "Model", "Model\Model.csproj", "{3AF74FC5-74BE-45F6-AD0A-D317975CF11F}"
EndProject
Project("{2150E333-8FDC-42A3-9474-1A3956D46DE8}") = "Model_", "Model_", "{33A69274-24AD-48B5-8B9B-50671ADFFA79}"
EndProject
Global
	GlobalSection(SolutionConfigurationPlatforms) = preSolution
		Debug|Any CPU = Debug|Any CPU
		Release|Any CPU = Release|Any CPU
	EndGlobalSection
	GlobalSection(ProjectConfigurationPlatforms) = postSolution
		{6DE50CFB-1A4D-41E2-925D-A15BC3DD4EFC}.Debug|Any CPU.ActiveCfg = Debug|Any CPU
		{6DE50CFB-1A4D-41E2-925D-A15BC3DD4EFC}.Debug|Any CPU.Build.0 = Debug|Any CPU
		{6DE50CFB-1A4D-41E2-925D-A15BC3DD4EFC}.Release|Any CPU.ActiveCfg = Release|Any CPU
		{6DE50CFB-1A4D-41E2-925D-A15BC3DD4EFC}.Release|Any CPU.Build.0 = Release|Any CPU
		{22D9C86F-1103-47FC-BCD6-5E35FC54DE22}.Debug|Any CPU.ActiveCfg = Debug|Any CPU
		{22D9C86F-1103-47FC-BCD6-5E35FC54DE22}.Debug|Any CPU.Build.0 = Debug|Any CPU
		{22D9C86F-1103-47FC-BCD6-5E35FC54DE22}.Release|Any CPU.ActiveCfg = Release|Any CPU
		{22D9C86F-1103-47FC-BCD6-5E35FC54DE22}.Release|Any CPU.Build.0 = Release|Any CPU
		{D96A2FBB-3E83-418A-A550-294B05858F59}.Debug|Any CPU.ActiveCfg = Debug|Any CPU
		{D96A2FBB-3E83-418A-A550-294B05858F59}.Debug|Any CPU.Build.0 = Debug|Any CPU
		{D96A2FBB-3E83-418A-A550-294B05858F59}.Release|Any CPU.ActiveCfg = Release|Any CPU
		{D96A2FBB-3E83-418A-A550-294B05858F59}.Release|Any CPU.Build.0 = Release|Any CPU
		{C26090DB-C11E-4340-9A73-DC8CA832860C}.Debug|Any CPU.ActiveCfg = Debug|Any CPU
		{C26090DB-C11E-4340-9A73-DC8CA832860C}.Debug|Any CPU.Build.0 = Debug|Any CPU
		{C26090DB-C11E-4340-9A73-DC8CA832860C}.Release|Any CPU.ActiveCfg = Release|Any CPU
		{C26090DB-C11E-4340-9A73-DC8CA832860C}.Release|Any CPU.Build.0 = Release|Any CPU
		{4BF66FDD-C19D-4467-A441-0A01B4AD9B3D}.Debug|Any CPU.ActiveCfg = Debug|Any CPU
		{4BF66FDD-C19D-4467-A441-0A01B4AD9B3D}.Debug|Any CPU.Build.0 = Debug|Any CPU
		{4BF66FDD-C19D-4467-A441-0A01B4AD9B3D}.Release|Any CPU.ActiveCfg = Release|Any CPU
		{4BF66FDD-C19D-4467-A441-0A01B4AD9B3D}.Release|Any CPU.Build.0 = Release|Any CPU
		{C0557A54-4FA8-4E24-9BA3-A82BB974EAFD}.Debug|Any CPU.ActiveCfg = Debug|Any CPU
		{C0557A54-4FA8-4E24-9BA3-A82BB974EAFD}.Debug|Any CPU.Build.0 = Debug|Any CPU
		{C0557A54-4FA8-4E24-9BA3-A82BB974EAFD}.Release|Any CPU.ActiveCfg = Release|Any CPU
		{C0557A54-4FA8-4E24-9BA3-A82BB974EAFD}.Release|Any CPU.Build.0 = Release|Any CPU
		{77C069C5-75C2-4DC0-B576-55A894ED471D}.Debug|Any CPU.ActiveCfg = Debug|Any CPU
		{77C069C5-75C2-4DC0-B576-55A894ED471D}.Debug|Any CPU.Build.0 = Debug|Any CPU
		{77C069C5-75C2-4DC0-B576-55A894ED471D}.Release|Any CPU.ActiveCfg = Release|Any CPU
		{77C069C5-75C2-4DC0-B576-55A894ED471D}.Release|Any CPU.Build.0 = Release|Any CPU
		{6DB0CFED-C4AE-4621-A22A-3B69159B342D}.Debug|Any CPU.ActiveCfg = Debug|Any CPU
		{6DB0CFED-C4AE-4621-A22A-3B69159B342D}.Debug|Any CPU.Build.0 = Debug|Any CPU
		{6DB0CFED-C4AE-4621-A22A-3B69159B342D}.Release|Any CPU.ActiveCfg = Release|Any CPU
		{6DB0CFED-C4AE-4621-A22A-3B69159B342D}.Release|Any CPU.Build.0 = Release|Any CPU
		{CEBF7308-E487-4AA0-88E3-7B26482FA58B}.Debug|Any CPU.ActiveCfg = Debug|Any CPU
		{CEBF7308-E487-4AA0-88E3-7B26482FA58B}.Debug|Any CPU.Build.0 = Debug|Any CPU
		{CEBF7308-E487-4AA0-88E3-7B26482FA58B}.Release|Any CPU.ActiveCfg = Release|Any CPU
		{CEBF7308-E487-4AA0-88E3-7B26482FA58B}.Release|Any CPU.Build.0 = Release|Any CPU
		{CC3588FA-A420-486F-B886-1E569220987B}.Debug|Any CPU.ActiveCfg = Debug|Any CPU
		{CC3588FA-A420-486F-B886-1E569220987B}.Debug|Any CPU.Build.0 = Debug|Any CPU
		{CC3588FA-A420-486F-B886-1E569220987B}.Release|Any CPU.ActiveCfg = Release|Any CPU
		{CC3588FA-A420-486F-B886-1E569220987B}.Release|Any CPU.Build.0 = Release|Any CPU
		{3AF74FC5-74BE-45F6-AD0A-D317975CF11F}.Debug|Any CPU.ActiveCfg = Debug|Any CPU
		{3AF74FC5-74BE-45F6-AD0A-D317975CF11F}.Debug|Any CPU.Build.0 = Debug|Any CPU
		{3AF74FC5-74BE-45F6-AD0A-D317975CF11F}.Release|Any CPU.ActiveCfg = Release|Any CPU
		{3AF74FC5-74BE-45F6-AD0A-D317975CF11F}.Release|Any CPU.Build.0 = Release|Any CPU
	EndGlobalSection
	GlobalSection(SolutionProperties) = preSolution
		HideSolutionNode = FALSE
	EndGlobalSection
	GlobalSection(NestedProjects) = preSolution
		{6DE50CFB-1A4D-41E2-925D-A15BC3DD4EFC} = {D391A2F4-F2F7-4F0B-AFEA-12DE2406B05D}
		{22D9C86F-1103-47FC-BCD6-5E35FC54DE22} = {B3A93702-CE1F-40E5-A6D9-80A66E5A091A}
		{D96A2FBB-3E83-418A-A550-294B05858F59} = {E7E566EC-0CE3-4DAD-8F04-A9140FCA83BE}
		{C26090DB-C11E-4340-9A73-DC8CA832860C} = {E7E566EC-0CE3-4DAD-8F04-A9140FCA83BE}
		{4BF66FDD-C19D-4467-A441-0A01B4AD9B3D} = {57886FD3-693A-4575-B2B9-4E8012022AF2}
		{C0557A54-4FA8-4E24-9BA3-A82BB974EAFD} = {E7E566EC-0CE3-4DAD-8F04-A9140FCA83BE}
		{77C069C5-75C2-4DC0-B576-55A894ED471D} = {57886FD3-693A-4575-B2B9-4E8012022AF2}
		{6DB0CFED-C4AE-4621-A22A-3B69159B342D} = {57886FD3-693A-4575-B2B9-4E8012022AF2}
		{CEBF7308-E487-4AA0-88E3-7B26482FA58B} = {B3A93702-CE1F-40E5-A6D9-80A66E5A091A}
		{CC3588FA-A420-486F-B886-1E569220987B} = {B3BEA2A7-27D5-48E9-B9CF-1B540F176265}
		{3AF74FC5-74BE-45F6-AD0A-D317975CF11F} = {33A69274-24AD-48B5-8B9B-50671ADFFA79}
	EndGlobalSection
	GlobalSection(ExtensibilityGlobals) = postSolution
		SolutionGuid = {5E8F1AFC-882A-49D8-AF0A-CB6C61A17D8C}
	EndGlobalSection
EndGlobal
